
Microsoft Visual Studio Solution File, Format Version 12.00
# Visual Studio Version 17
VisualStudioVersion = 17.6.33815.320
MinimumVisualStudioVersion = 10.0.40219.1
Project("{FAE04EC0-301F-11D3-BF4B-00C04F79EFBC}") = "Movie_App", "Movie_App\Movie_App.csproj", "{29674FF9-3506-4FE4-B1BF-66C8A3ACFA48}"
EndProject
Global
	GlobalSection(SolutionConfigurationPlatforms) = preSolution
		Debug|Any CPU = Debug|Any CPU
		Release|Any CPU = Release|Any CPU
	EndGlobalSection
	GlobalSection(ProjectConfigurationPlatforms) = postSolution
		{29674FF9-3506-4FE4-B1BF-66C8A3ACFA48}.Debug|Any CPU.ActiveCfg = Debug|Any CPU
		{29674FF9-3506-4FE4-B1BF-66C8A3ACFA48}.Debug|Any CPU.Build.0 = Debug|Any CPU
		{29674FF9-3506-4FE4-B1BF-66C8A3ACFA48}.Release|Any CPU.ActiveCfg = Release|Any CPU
		{29674FF9-3506-4FE4-B1BF-66C8A3ACFA48}.Release|Any CPU.Build.0 = Release|Any CPU
	EndGlobalSection
	GlobalSection(SolutionProperties) = preSolution
		HideSolutionNode = FALSE
	EndGlobalSection
	GlobalSection(ExtensibilityGlobals) = postSolution
		SolutionGuid = {CE7843DF-D14C-4619-A06F-53E104F4E8BF}
	EndGlobalSection
EndGlobal
